Da
Microsoft Visual Studio Solution File, Format Version 12.00
# Visual Studio Version 17
VisualStudioVersion = 17.0.31903.59
MinimumVisualStudioVersion = 10.0.40219.1
Project("{FAE04EC0-301F-11D3-BF4B-00C04F79EFBC}") = "API", "API\API.csproj", "{456185E8-2E05-4CD8-9EAC-9DE26B5668EC}"
EndProject
Global
	GlobalSection(SolutionConfigurationPlatforms) = preSolution
		Debug|Any CPU = Debug|Any CPU
		Release|Any CPU = Release|Any CPU
	EndGlobalSection
	GlobalSection(SolutionProperties) = preSolution
		HideSolutionNode = FALSE
	EndGlobalSection
	GlobalSection(ProjectConfigurationPlatforms) = postSolution
		{456185E8-2E05-4CD8-9EAC-9DE26B5668EC}.Debug|Any CPU.ActiveCfg = Debug|Any CPU
		{456185E8-2E05-4CD8-9EAC-9DE26B5668EC}.Debug|Any CPU.Build.0 = Debug|Any CPU
		{456185E8-2E05-4CD8-9EAC-9DE26B5668EC}.Release|Any CPU.ActiveCfg = Release|Any CPU
		{456185E8-2E05-4CD8-9EAC-9DE26B5668EC}.Release|Any CPU.Build.0 = Release|Any CPU
	EndGlobalSection
EndGlobal
